
Microsoft Visual Studio Solution File, Format Version 12.00
# Visual Studio Version 16
VisualStudioVersion = 16.0.33529.622
MinimumVisualStudioVersion = 10.0.40219.1
Project("{FAE04EC0-301F-11D3-BF4B-00C04F79EFBC}") = "Tema1-AdivinaNumero", "Tema1-AdivinaNumero\Tema1-AdivinaNumero.csproj", "{A0E50F00-BBAA-411A-AFC4-22F04349A094}"
EndProject
Global
	GlobalSection(SolutionConfigurationPlatforms) = preSolution
		Debug|Any CPU = Debug|Any CPU
		Release|Any CPU = Release|Any CPU
	EndGlobalSection
	GlobalSection(ProjectConfigurationPlatforms) = postSolution
		{A0E50F00-BBAA-411A-AFC4-22F04349A094}.Debug|Any CPU.ActiveCfg = Debug|Any CPU
		{A0E50F00-BBAA-411A-AFC4-22F04349A094}.Debug|Any CPU.Build.0 = Debug|Any CPU
		{A0E50F00-BBAA-411A-AFC4-22F04349A094}.Release|Any CPU.ActiveCfg = Release|Any CPU
		{A0E50F00-BBAA-411A-AFC4-22F04349A094}.Release|Any CPU.Build.0 = Release|Any CPU
	EndGlobalSection
	GlobalSection(SolutionProperties) = preSolution
		HideSolutionNode = FALSE
	EndGlobalSection
	GlobalSection(ExtensibilityGlobals) = postSolution
		SolutionGuid = {688890D8-1CC4-4962-9D0D-FADF52879B9B}
	EndGlobalSection
EndGlobal
